
Microsoft Visual Studio Solution File, Format Version 12.00
# Visual Studio 15
VisualStudioVersion = 15.0.26124.0
MinimumVisualStudioVersion = 15.0.26124.0
Project("{FAE04EC0-301F-11D3-BF4B-00C04F79EFBC}") = "API", "API\API.csproj", "{9C73FC7D-2CA3-4FFB-B65E-B256CA7E2A1D}"
EndProject
Project("{FAE04EC0-301F-11D3-BF4B-00C04F79EFBC}") = "Core", "Core\Core.csproj", "{62A8C733-8EE5-4E48-A786-F04119577401}"
EndProject
Project("{FAE04EC0-301F-11D3-BF4B-00C04F79EFBC}") = "Infrastructure", "Infrastructure\Infrastructure.csproj", "{472BD633-9FD6-486D-AABB-4DD7993BFF66}"
EndProject
Global
	GlobalSection(SolutionConfigurationPlatforms) = preSolution
		Debug|Any CPU = Debug|Any CPU
		Debug|x64 = Debug|x64
		Debug|x86 = Debug|x86
		Release|Any CPU = Release|Any CPU
		Release|x64 = Release|x64
		Release|x86 = Release|x86
	EndGlobalSection
	GlobalSection(SolutionProperties) = preSolution
		HideSolutionNode = FALSE
	EndGlobalSection
	GlobalSection(ProjectConfigurationPlatforms) = postSolution
		{9C73FC7D-2CA3-4FFB-B65E-B256CA7E2A1D}.Debug|Any CPU.ActiveCfg = Debug|Any CPU
		{9C73FC7D-2CA3-4FFB-B65E-B256CA7E2A1D}.Debug|Any CPU.Build.0 = Debug|Any CPU
		{9C73FC7D-2CA3-4FFB-B65E-B256CA7E2A1D}.Debug|x64.ActiveCfg = Debug|Any CPU
		{9C73FC7D-2CA3-4FFB-B65E-B256CA7E2A1D}.Debug|x64.Build.0 = Debug|Any CPU
		{9C73FC7D-2CA3-4FFB-B65E-B256CA7E2A1D}.Debug|x86.ActiveCfg = Debug|Any CPU
		{9C73FC7D-2CA3-4FFB-B65E-B256CA7E2A1D}.Debug|x86.Build.0 = Debug|Any CPU
		{9C73FC7D-2CA3-4FFB-B65E-B256CA7E2A1D}.Release|Any CPU.ActiveCfg = Release|Any CPU
		{9C73FC7D-2CA3-4FFB-B65E-B256CA7E2A1D}.Release|Any CPU.Build.0 = Release|Any CPU
		{9C73FC7D-2CA3-4FFB-B65E-B256CA7E2A1D}.Release|x64.ActiveCfg = Release|Any CPU
		{9C73FC7D-2CA3-4FFB-B65E-B256CA7E2A1D}.Release|x64.Build.0 = Release|Any CPU
		{9C73FC7D-2CA3-4FFB-B65E-B256CA7E2A1D}.Release|x86.ActiveCfg = Release|Any CPU
		{9C73FC7D-2CA3-4FFB-B65E-B256CA7E2A1D}.Release|x86.Build.0 = Release|Any CPU
		{62A8C733-8EE5-4E48-A786-F04119577401}.Debug|Any CPU.ActiveCfg = Debug|Any CPU
		{62A8C733-8EE5-4E48-A786-F04119577401}.Debug|Any CPU.Build.0 = Debug|Any CPU
		{62A8C733-8EE5-4E48-A786-F04119577401}.Debug|x64.ActiveCfg = Debug|Any CPU
		{62A8C733-8EE5-4E48-A786-F04119577401}.Debug|x64.Build.0 = Debug|Any CPU
		{62A8C733-8EE5-4E48-A786-F04119577401}.Debug|x86.ActiveCfg = Debug|Any CPU
		{62A8C733-8EE5-4E48-A786-F04119577401}.Debug|x86.Build.0 = Debug|Any CPU
		{62A8C733-8EE5-4E48-A786-F04119577401}.Release|Any CPU.ActiveCfg = Release|Any CPU
		{62A8C733-8EE5-4E48-A786-F04119577401}.Release|Any CPU.Build.0 = Release|Any CPU
		{62A8C733-8EE5-4E48-A786-F04119577401}.Release|x64.ActiveCfg = Release|Any CPU
		{62A8C733-8EE5-4E48-A786-F04119577401}.Release|x64.Build.0 = Release|Any CPU
		{62A8C733-8EE5-4E48-A786-F04119577401}.Release|x86.ActiveCfg = Release|Any CPU
		{62A8C733-8EE5-4E48-A786-F04119577401}.Release|x86.Build.0 = Release|Any CPU
		{472BD633-9FD6-486D-AABB-4DD7993BFF66}.Debug|Any CPU.ActiveCfg = Debug|Any CPU
		{472BD633-9FD6-486D-AABB-4DD7993BFF66}.Debug|Any CPU.Build.0 = Debug|Any CPU
		{472BD633-9FD6-486D-AABB-4DD7993BFF66}.Debug|x64.ActiveCfg = Debug|Any CPU
		{472BD633-9FD6-486D-AABB-4DD7993BFF66}.Debug|x64.Build.0 = Debug|Any CPU
		{472BD633-9FD6-486D-AABB-4DD7993BFF66}.Debug|x86.ActiveCfg = Debug|Any CPU
		{472BD633-9FD6-486D-AABB-4DD7993BFF66}.Debug|x86.Build.0 = Debug|Any CPU
		{472BD633-9FD6-486D-AABB-4DD7993BFF66}.Release|Any CPU.ActiveCfg = Release|Any CPU
		{472BD633-9FD6-486D-AABB-4DD7993BFF66}.Release|Any CPU.Build.0 = Release|Any CPU
		{472BD633-9FD6-486D-AABB-4DD7993BFF66}.Release|x64.ActiveCfg = Release|Any CPU
		{472BD633-9FD6-486D-AABB-4DD7993BFF66}.Release|x64.Build.0 = Release|Any CPU
		{472BD633-9FD6-486D-AABB-4DD7993BFF66}.Release|x86.ActiveCfg = Release|Any CPU
		{472BD633-9FD6-486D-AABB-4DD7993BFF66}.Release|x86.Build.0 = Release|Any CPU
	EndGlobalSection
EndGlobal
